
Microsoft Visual Studio Solution File, Format Version 12.00
# Visual Studio Version 16
VisualStudioVersion = 16.0.30002.166
MinimumVisualStudioVersion = 10.0.40219.1
Project("{9A19103F-16F7-4668-BE54-9A1E7A4F7556}") = "WSDTChat", "WSDTChat\WSDTChat.csproj", "{9F95C39E-475D-45D5-BBDA-A3D5A09ABA32}"
EndProject
Project("{9A19103F-16F7-4668-BE54-9A1E7A4F7556}") = "EmojiPicker", "EmojiPicker\EmojiPicker.csproj", "{10ED9E18-255A-481C-809F-B0DFA89CF542}"
EndProject
Global
	GlobalSection(SolutionConfigurationPlatforms) = preSolution
		Debug|Any CPU = Debug|Any CPU
		Release|Any CPU = Release|Any CPU
	EndGlobalSection
	GlobalSection(ProjectConfigurationPlatforms) = postSolution
		{9F95C39E-475D-45D5-BBDA-A3D5A09ABA32}.Debug|Any CPU.ActiveCfg = Debug|Any CPU
		{9F95C39E-475D-45D5-BBDA-A3D5A09ABA32}.Debug|Any CPU.Build.0 = Debug|Any CPU
		{9F95C39E-475D-45D5-BBDA-A3D5A09ABA32}.Release|Any CPU.ActiveCfg = Release|Any CPU
		{9F95C39E-475D-45D5-BBDA-A3D5A09ABA32}.Release|Any CPU.Build.0 = Release|Any CPU
		{10ED9E18-255A-481C-809F-B0DFA89CF542}.Debug|Any CPU.ActiveCfg = Release|Any CPU
		{10ED9E18-255A-481C-809F-B0DFA89CF542}.Debug|Any CPU.Build.0 = Release|Any CPU
		{10ED9E18-255A-481C-809F-B0DFA89CF542}.Release|Any CPU.ActiveCfg = Release|Any CPU
		{10ED9E18-255A-481C-809F-B0DFA89CF542}.Release|Any CPU.Build.0 = Release|Any CPU
	EndGlobalSection
	GlobalSection(SolutionProperties) = preSolution
		HideSolutionNode = FALSE
	EndGlobalSection
	GlobalSection(ExtensibilityGlobals) = postSolution
		SolutionGuid = {907F43A4-5A4E-4323-8ABB-EFC69ADFC173}
	EndGlobalSection
EndGlobal
